{
  "requires": true,
  "lockfileVersion": 1,
  "dependencies": {
    "@fluentui/date-time-utilities": {
      "version": "8.5.13",
      "resolved": "https://registry.npmjs.org/@fluentui/date-time-utilities/-/date-time-utilities-8.5.13.tgz",
      "integrity": "sha512-X3clbPKh0URkDj21QoARw6SNec7dWg7Gt7SkTlkVYFzmZUdC4ZIrYk3n36xKe3U1wcGp26EVmKjhAhB262ugpw==",
      "requires": {
        "@fluentui/set-version": "^8.2.11",
        "tslib": "^2.1.0"
      }
    },
    "@fluentui/dom-utilities": {
      "version": "2.2.11",
      "resolved": "https://registry.npmjs.org/@fluentui/dom-utilities/-/dom-utilities-2.2.11.tgz",
      "integrity": "sha512-2tXfg7/9PXu9nfU72/P3o3waHEFEQtHUfQbVexUaYqNNAxMj6sOfsqpUx4vd5nPgO+grSWrl+spqlLN2yej51w==",
      "requires": {
        "@fluentui/set-version": "^8.2.11",
        "tslib": "^2.1.0"
      }
    },
    "@fluentui/font-icons-mdl2": {
      "version": "8.5.24",
      "resolved": "https://registry.npmjs.org/@fluentui/font-icons-mdl2/-/font-icons-mdl2-8.5.24.tgz",
      "integrity": "sha512-x1MCt2lTb8aoRjV9pV69sotjPhQ8KEFzdF7l/1jBs8XaRdR6z392LsDKB4HwTlo3Grp8c/6Oykh8k/UWknh4sQ==",
      "requires": {
        "@fluentui/set-version": "^8.2.11",
        "@fluentui/style-utilities": "^8.9.17",
        "@fluentui/utilities": "^8.13.18",
        "tslib": "^2.1.0"
      }
    },
    "@fluentui/foundation-legacy": {
      "version": "8.2.44",
      "resolved": "https://registry.npmjs.org/@fluentui/foundation-legacy/-/foundation-legacy-8.2.44.tgz",
      "integrity": "sha512-0k4ymfab0VLjZjWDYFnthOLcggQ2XkuB6fin/Qiui9mfXd4QQL4iwnIZqkvcFZDUnlZDW7Y7s5NGnSNGEvJSWQ==",
      "requires": {
        "@fluentui/merge-styles": "^8.5.12",
        "@fluentui/set-version": "^8.2.11",
        "@fluentui/style-utilities": "^8.9.17",
        "@fluentui/utilities": "^8.13.18",
        "tslib": "^2.1.0"
      }
    },
    "@fluentui/keyboard-key": {
      "version": "0.4.11",
      "resolved": "https://registry.npmjs.org/@fluentui/keyboard-key/-/keyboard-key-0.4.11.tgz",
      "integrity": "sha512-TVB/EloWado9AVp1niChgcdDOQAHGP5B30Dinmtfe7zi8OnstwPoxwFP6dHJDdpLQ6ZEUTaEHViSzvewl7Chag==",
      "requires": {
        "tslib": "^2.1.0"
      }
    },
    "@fluentui/merge-styles": {
      "version": "8.5.12",
      "resolved": "https://registry.npmjs.org/@fluentui/merge-styles/-/merge-styles-8.5.12.tgz",
      "integrity": "sha512-ZnUo0YuMP7AYi68dkknFqVxopIAgbrUnqR/MZlemmRvBYyy1SMj1WQeHcoiLFA8mF8YKn7B+jxQgJbN2bfcrRw==",
      "requires": {
        "@fluentui/set-version": "^8.2.11",
        "tslib": "^2.1.0"
      }
    },
    "@fluentui/react": {
      "version": "8.111.0",
      "resolved": "https://registry.npmjs.org/@fluentui/react/-/react-8.111.0.tgz",
      "integrity": "sha512-v6eVbGx5C/5z/+yL0Emf2MtCFQj79LXd7KAS38sGR+ChhNgGvejCpVk2UwIAfjPQpiN7Zf5KHVcQgvThlEOl9w==",
      "requires": {
        "@fluentui/date-time-utilities": "^8.5.13",
        "@fluentui/font-icons-mdl2": "^8.5.24",
        "@fluentui/foundation-legacy": "^8.2.44",
        "@fluentui/merge-styles": "^8.5.12",
        "@fluentui/react-focus": "^8.8.31",
        "@fluentui/react-hooks": "^8.6.29",
        "@fluentui/react-portal-compat-context": "^9.0.6",
        "@fluentui/react-window-provider": "^2.2.15",
        "@fluentui/set-version": "^8.2.11",
        "@fluentui/style-utilities": "^8.9.17",
        "@fluentui/theme": "^2.6.35",
        "@fluentui/utilities": "^8.13.18",
        "@microsoft/load-themed-styles": "^1.10.26",
        "tslib": "^2.1.0"
      }
    },
    "@fluentui/react-focus": {
      "version": "8.8.31",
      "resolved": "https://registry.npmjs.org/@fluentui/react-focus/-/react-focus-8.8.31.tgz",
      "integrity": "sha512-XCGVooD+n1EcE7B6X1+aS/g/3XRsisppmZZJbr+9uGmbac50KkpA1Y+48Qm99UfQRnF4lsXh85A8TE+FZJqwUA==",
      "requires": {
        "@fluentui/keyboard-key": "^0.4.11",
        "@fluentui/merge-styles": "^8.5.12",
        "@fluentui/set-version": "^8.2.11",
        "@fluentui/style-utilities": "^8.9.17",
        "@fluentui/utilities": "^8.13.18",
        "tslib": "^2.1.0"
      }
    },
    "@fluentui/react-hooks": {
      "version": "8.6.29",
      "resolved": "https://registry.npmjs.org/@fluentui/react-hooks/-/react-hooks-8.6.29.tgz",
      "integrity": "sha512-MeVevmGJtrYxdhoarrkVWE0Hs4XdzOc9A3tiOjMBIcwOvoOYOAoOELoHK/wuulPVwUn2R9Y+7JpJ6oCe4ImdJw==",
      "requires": {
        "@fluentui/react-window-provider": "^2.2.15",
        "@fluentui/set-version": "^8.2.11",
        "@fluentui/utilities": "^8.13.18",
        "tslib": "^2.1.0"
      }
    },
    "@fluentui/react-portal-compat-context": {
      "version": "9.0.6",
      "resolved": "https://registry.npmjs.org/@fluentui/react-portal-compat-context/-/react-portal-compat-context-9.0.6.tgz",
      "integrity": "sha512-HUt0/YXKRB4chtzlGbZ+7y7FHFyqaI0CeMFAe/QBXVOiOwA01QOr2j4Uky+30vupspIt6mjodLanuw1jMybmqQ==",
      "requires": {
        "@swc/helpers": "^0.4.14"
      }
    },
    "@fluentui/react-window-provider": {
      "version": "2.2.15",
      "resolved": "https://registry.npmjs.org/@fluentui/react-window-provider/-/react-window-provider-2.2.15.tgz",
      "integrity": "sha512-RraWvRe7wakpPJRBX2tlCV/cybOKiqLJ1UBLPNf5xq7ZIs0T0g/hh3G3Zb5teOeipjuRnl6srkdDUT9Dy9wrBg==",
      "requires": {
        "@fluentui/set-version": "^8.2.11",
        "tslib": "^2.1.0"
      }
    },
    "@fluentui/set-version": {
      "version": "8.2.11",
      "resolved": "https://registry.npmjs.org/@fluentui/set-version/-/set-version-8.2.11.tgz",
      "integrity": "sha512-UI03tysau/adBO1a3q4uFZWQ3lfkiFcAWIFng4k5odWcCokfCm5IxA0urKqj5W5JRYdyoBUaq8QbcNGkFB4dCw==",
      "requires": {
        "tslib": "^2.1.0"
      }
    },
    "@fluentui/style-utilities": {
      "version": "8.9.17",
      "resolved": "https://registry.npmjs.org/@fluentui/style-utilities/-/style-utilities-8.9.17.tgz",
      "integrity": "sha512-wMeLw3MSIotx1EzDYTMWFx03iZqR/YBaUt1FR2oamt+zz3HKiproNR9xNKEQmszNFUDDAZJL9XhLVp1iNlS88A==",
      "requires": {
        "@fluentui/merge-styles": "^8.5.12",
        "@fluentui/set-version": "^8.2.11",
        "@fluentui/theme": "^2.6.35",
        "@fluentui/utilities": "^8.13.18",
        "@microsoft/load-themed-styles": "^1.10.26",
        "tslib": "^2.1.0"
      }
    },
    "@fluentui/theme": {
      "version": "2.6.35",
      "resolved": "https://registry.npmjs.org/@fluentui/theme/-/theme-2.6.35.tgz",
      "integrity": "sha512-8EusEcEX/9gA1H0vVYZX0q+na88cPrS8Cs2XPlN056Xtzzrbgl6qFRJ79aiJaZ8Oq6TkcASn1gfgyUTz6fbMng==",
      "requires": {
        "@fluentui/merge-styles": "^8.5.12",
        "@fluentui/set-version": "^8.2.11",
        "@fluentui/utilities": "^8.13.18",
        "tslib": "^2.1.0"
      }
    },
    "@fluentui/utilities": {
      "version": "8.13.18",
      "resolved": "https://registry.npmjs.org/@fluentui/utilities/-/utilities-8.13.18.tgz",
      "integrity": "sha512-/0rX9EzltLKwU1SS14VV7agWoOzruVTU3oagZq1QgFAvoj8qi7fNqvSX/VEeRy+0gmbsCkrEViUPkmC7drKzPg==",
      "requires": {
        "@fluentui/dom-utilities": "^2.2.11",
        "@fluentui/merge-styles": "^8.5.12",
        "@fluentui/set-version": "^8.2.11",
        "tslib": "^2.1.0"
      }
    },
    "@microsoft/load-themed-styles": {
      "version": "1.10.295",
      "resolved": "https://registry.npmjs.org/@microsoft/load-themed-styles/-/load-themed-styles-1.10.295.tgz",
      "integrity": "sha512-W+IzEBw8a6LOOfRJM02dTT7BDZijxm+Z7lhtOAz1+y9vQm1Kdz9jlAO+qCEKsfxtUOmKilW8DIRqFw2aUgKeGg=="
    },
    "@swc/helpers": {
      "version": "0.4.36",
      "resolved": "https://registry.npmjs.org/@swc/helpers/-/helpers-0.4.36.tgz",
      "integrity": "sha512-5lxnyLEYFskErRPenYItLRSge5DjrJngYKdVjRSrWfza9G6KkgHEXi0vUZiyUeMU5JfXH1YnvXZzSp8ul88o2Q==",
      "requires": {
        "legacy-swc-helpers": "npm:@swc/helpers@=0.4.14",
        "tslib": "^2.4.0"
      }
    },
    "legacy-swc-helpers": {
      "version": "npm:@swc/helpers@0.4.14",
      "resolved": "https://registry.npmjs.org/@swc/helpers/-/helpers-0.4.14.tgz",
      "integrity": "sha512-4C7nX/dvpzB7za4Ql9K81xK3HPxCpHMgwTZVyf+9JQ6VUbn9jjZVN7/Nkdz/Ugzs2CSjqnL/UPXroiVBVHUWUw==",
      "requires": {
        "tslib": "^2.4.0"
      }
    },
    "tslib": {
      "version": "2.6.2",
      "resolved": "https://registry.npmjs.org/tslib/-/tslib-2.6.2.tgz",
      "integrity": "sha512-AEYxH93jGFPn/a2iVAwW87VuUIkR1FVUKB77NwMF7nBTDkDrrT/Hpt/IrCJ0QXhW27jTBDcf5ZY7w6RiqTMw2Q=="
    }
  }
}
